
Microsoft Visual Studio Solution File, Format Version 12.00
# Visual Studio 15
VisualStudioVersion = 15.0.27703.2047
MinimumVisualStudioVersion = 10.0.40219.1
Project("{8BC9CEB8-8B4A-11D0-8D11-00A0C91BC942}") = "Wrapper", "Wrapper.vcxproj", "{C8ACFD8D-A9EC-4C6A-9436-5A5FBD0D131F}"
EndProject
Global
	GlobalSection(SolutionConfigurationPlatforms) = preSolution
		Debug|x64 = Debug|x64
		Debug|x86 = Debug|x86
		Release|x64 = Release|x64
		Release|x86 = Release|x86
	EndGlobalSection
	GlobalSection(ProjectConfigurationPlatforms) = postSolution
		{C8ACFD8D-A9EC-4C6A-9436-5A5FBD0D131F}.Debug|x64.ActiveCfg = Debug|x64
		{C8ACFD8D-A9EC-4C6A-9436-5A5FBD0D131F}.Debug|x64.Build.0 = Debug|x64
		{C8ACFD8D-A9EC-4C6A-9436-5A5FBD0D131F}.Debug|x86.ActiveCfg = Debug|Win32
		{C8ACFD8D-A9EC-4C6A-9436-5A5FBD0D131F}.Debug|x86.Build.0 = Debug|Win32
		{C8ACFD8D-A9EC-4C6A-9436-5A5FBD0D131F}.Release|x64.ActiveCfg = Release|x64
		{C8ACFD8D-A9EC-4C6A-9436-5A5FBD0D131F}.Release|x64.Build.0 = Release|x64
		{C8ACFD8D-A9EC-4C6A-9436-5A5FBD0D131F}.Release|x86.ActiveCfg = Release|Win32
		{C8ACFD8D-A9EC-4C6A-9436-5A5FBD0D131F}.Release|x86.Build.0 = Release|Win32
	EndGlobalSection
	GlobalSection(SolutionProperties) = preSolution
		HideSolutionNode = FALSE
	EndGlobalSection
	GlobalSection(ExtensibilityGlobals) = postSolution
		SolutionGuid = {9DE0376F-1332-4C78-9246-F701D1EF4C4A}
	EndGlobalSection
EndGlobal
